# This file is autogenerated, do not edit; changes may be undone by the next 'dep ensure'.


[[projects]]
  branch = "master"
  digest = "1:caf5b6526ab478df1debb4048cc99489d3954975457c4ba63441f489c9053ea2"
  name = "github.com/bitrise-io/go-steputils"
  packages = ["stepconf"]
  pruneopts = "UT"
  revision = "03ae3a6ded35c5e8aed0058ec270e3494d242d17"

[[projects]]
  branch = "master"
  digest = "1:f1a912b7437686c32fa368f025d1e1831c27aed2c52416d0f644e251d9472d96"
  name = "github.com/bitrise-io/go-utils"
  packages = [
    "colorstring",
    "parseutil",
    "pointers",
  ]
  pruneopts = "UT"
  revision = "6cc2aa4d248adef509996ac484bffd38856ddf80"

[solve-meta]
  analyzer-name = "dep"
  analyzer-version = 1
  input-imports = ["github.com/bitrise-io/go-steputils/stepconf"]
  solver-name = "gps-cdcl"
  solver-version = 1
